
Microsoft Visual Studio Solution File, Format Version 12.00
# Visual Studio Version 16
VisualStudioVersion = 16.0.32630.194
MinimumVisualStudioVersion = 10.0.40219.1
Project("{FAE04EC0-301F-11D3-BF4B-00C04F79EFBC}") = "bubble", "bubble.csproj", "{7E2684E9-BCD0-441E-9C33-DC5120A17EC4}"
EndProject
Global
	GlobalSection(SolutionConfigurationPlatforms) = preSolution
		Debug|Any CPU = Debug|Any CPU
		Release|Any CPU = Release|Any CPU
	EndGlobalSection
	GlobalSection(ProjectConfigurationPlatforms) = postSolution
		{7E2684E9-BCD0-441E-9C33-DC5120A17EC4}.Debug|Any CPU.ActiveCfg = Debug|Any CPU
		{7E2684E9-BCD0-441E-9C33-DC5120A17EC4}.Debug|Any CPU.Build.0 = Debug|Any CPU
		{7E2684E9-BCD0-441E-9C33-DC5120A17EC4}.Release|Any CPU.ActiveCfg = Release|Any CPU
		{7E2684E9-BCD0-441E-9C33-DC5120A17EC4}.Release|Any CPU.Build.0 = Release|Any CPU
	EndGlobalSection
	GlobalSection(SolutionProperties) = preSolution
		HideSolutionNode = FALSE
	EndGlobalSection
	GlobalSection(ExtensibilityGlobals) = postSolution
		SolutionGuid = {8860E2A8-DACA-485B-8884-339E3A0781C5}
	EndGlobalSection
EndGlobal
