
Microsoft Visual Studio Solution File, Format Version 12.00
# Visual Studio Version 16
VisualStudioVersion = 16.0.32630.194
MinimumVisualStudioVersion = 10.0.40219.1
Project("{FAE04EC0-301F-11D3-BF4B-00C04F79EFBC}") = "Insertion", "Insertion.csproj", "{514B4CC0-1317-4B33-A642-5F3B5F946FA7}"
EndProject
Global
	GlobalSection(SolutionConfigurationPlatforms) = preSolution
		Debug|Any CPU = Debug|Any CPU
		Release|Any CPU = Release|Any CPU
	EndGlobalSection
	GlobalSection(ProjectConfigurationPlatforms) = postSolution
		{514B4CC0-1317-4B33-A642-5F3B5F946FA7}.Debug|Any CPU.ActiveCfg = Debug|Any CPU
		{514B4CC0-1317-4B33-A642-5F3B5F946FA7}.Debug|Any CPU.Build.0 = Debug|Any CPU
		{514B4CC0-1317-4B33-A642-5F3B5F946FA7}.Release|Any CPU.ActiveCfg = Release|Any CPU
		{514B4CC0-1317-4B33-A642-5F3B5F946FA7}.Release|Any CPU.Build.0 = Release|Any CPU
	EndGlobalSection
	GlobalSection(SolutionProperties) = preSolution
		HideSolutionNode = FALSE
	EndGlobalSection
	GlobalSection(ExtensibilityGlobals) = postSolution
		SolutionGuid = {E4A829E9-B61C-4E12-A444-C12CF0CF6E2B}
	EndGlobalSection
EndGlobal
