
Microsoft Visual Studio Solution File, Format Version 12.00
# Visual Studio Version 16
VisualStudioVersion = 16.0.32630.194
MinimumVisualStudioVersion = 10.0.40219.1
Project("{FAE04EC0-301F-11D3-BF4B-00C04F79EFBC}") = "primenubEX", "primenubEX.csproj", "{4DB5EF50-6ABE-409C-82DA-83FB4393FF48}"
EndProject
Global
	GlobalSection(SolutionConfigurationPlatforms) = preSolution
		Debug|Any CPU = Debug|Any CPU
		Release|Any CPU = Release|Any CPU
	EndGlobalSection
	GlobalSection(ProjectConfigurationPlatforms) = postSolution
		{4DB5EF50-6ABE-409C-82DA-83FB4393FF48}.Debug|Any CPU.ActiveCfg = Debug|Any CPU
		{4DB5EF50-6ABE-409C-82DA-83FB4393FF48}.Debug|Any CPU.Build.0 = Debug|Any CPU
		{4DB5EF50-6ABE-409C-82DA-83FB4393FF48}.Release|Any CPU.ActiveCfg = Release|Any CPU
		{4DB5EF50-6ABE-409C-82DA-83FB4393FF48}.Release|Any CPU.Build.0 = Release|Any CPU
	EndGlobalSection
	GlobalSection(SolutionProperties) = preSolution
		HideSolutionNode = FALSE
	EndGlobalSection
	GlobalSection(ExtensibilityGlobals) = postSolution
		SolutionGuid = {C0E8C0FF-F6FA-4BF3-9518-1BE0247E1E23}
	EndGlobalSection
EndGlobal
